
Microsoft Visual Studio Solution File, Format Version 12.00
# Visual Studio 2013
VisualStudioVersion = 12.0.21005.1
MinimumVisualStudioVersion = 10.0.40219.1
Project("{FAE04EC0-301F-11D3-BF4B-00C04F79EFBC}") = "Raas.PCL", "Raas.PCL/Raas.PCL.csproj", "{903bd28c-3dec-46e8-98d3-af4c4c104d33}"
EndProject
Project("{FAE04EC0-301F-11D3-BF4B-00C04F79EFBC}") = "Raas.Tests", "Raas.Tests/Raas.Tests.csproj", "{4dcf2c5f-7882-40bd-86ff-90e41e44eab2}"
EndProject
Global
    GlobalSection(SolutionConfigurationPlatforms) = preSolution
        Debug|Any CPU = Debug|Any CPU
        Release|Any CPU = Release|Any CPU
    EndGlobalSection
    GlobalSection(ProjectConfigurationPlatforms) = postSolution
        {903bd28c-3dec-46e8-98d3-af4c4c104d33}.Debug|Any CPU.ActiveCfg = Debug|Any CPU
        {903bd28c-3dec-46e8-98d3-af4c4c104d33}.Debug|Any CPU.Build.0 = Debug|Any CPU
        {903bd28c-3dec-46e8-98d3-af4c4c104d33}.Release|Any CPU.ActiveCfg = Release|Any CPU
        {903bd28c-3dec-46e8-98d3-af4c4c104d33}.Release|Any CPU.Build.0 = Release|Any CPU
        {4dcf2c5f-7882-40bd-86ff-90e41e44eab2}.Debug|Any CPU.ActiveCfg = Debug|Any CPU
        {4dcf2c5f-7882-40bd-86ff-90e41e44eab2}.Debug|Any CPU.Build.0 = Debug|Any CPU
        {4dcf2c5f-7882-40bd-86ff-90e41e44eab2}.Release|Any CPU.ActiveCfg = Release|Any CPU
        {4dcf2c5f-7882-40bd-86ff-90e41e44eab2}.Release|Any CPU.Build.0 = Release|Any CPU
    EndGlobalSection
    GlobalSection(SolutionProperties) = preSolution
        HideSolutionNode = FALSE
    EndGlobalSection
EndGlobal
