
Microsoft Visual Studio Solution File, Format Version 12.00
# Visual Studio 2013
VisualStudioVersion = 12.0.21005.1
MinimumVisualStudioVersion = 10.0.40219.1
Project("{FAE04EC0-301F-11D3-BF4B-00C04F79EFBC}") = "Raas.PCL", "Raas.PCL/Raas.PCL.csproj", "{c295e848-7e4f-4e84-ae05-e0d13a10ce71}"
EndProject
Project("{FAE04EC0-301F-11D3-BF4B-00C04F79EFBC}") = "Raas.Tests", "Raas.Tests/Raas.Tests.csproj", "{c1f39949-cf39-4307-a99f-84022edd4d71}"
EndProject
Global
    GlobalSection(SolutionConfigurationPlatforms) = preSolution
        Debug|Any CPU = Debug|Any CPU
        Release|Any CPU = Release|Any CPU
    EndGlobalSection
    GlobalSection(ProjectConfigurationPlatforms) = postSolution
        {c295e848-7e4f-4e84-ae05-e0d13a10ce71}.Debug|Any CPU.ActiveCfg = Debug|Any CPU
        {c295e848-7e4f-4e84-ae05-e0d13a10ce71}.Debug|Any CPU.Build.0 = Debug|Any CPU
        {c295e848-7e4f-4e84-ae05-e0d13a10ce71}.Release|Any CPU.ActiveCfg = Release|Any CPU
        {c295e848-7e4f-4e84-ae05-e0d13a10ce71}.Release|Any CPU.Build.0 = Release|Any CPU
        {c1f39949-cf39-4307-a99f-84022edd4d71}.Debug|Any CPU.ActiveCfg = Debug|Any CPU
        {c1f39949-cf39-4307-a99f-84022edd4d71}.Debug|Any CPU.Build.0 = Debug|Any CPU
        {c1f39949-cf39-4307-a99f-84022edd4d71}.Release|Any CPU.ActiveCfg = Release|Any CPU
        {c1f39949-cf39-4307-a99f-84022edd4d71}.Release|Any CPU.Build.0 = Release|Any CPU
    EndGlobalSection
    GlobalSection(SolutionProperties) = preSolution
        HideSolutionNode = FALSE
    EndGlobalSection
EndGlobal
